// !$*UTF8*$!
{
	archiveVersion = 1;
	classes = {
	};
	objectVersion = 46;
	objects = {

/* Begin PBXBuildFile section */
		27060B4D1DE4A01700DE676B /* main.m in Sources */ = {isa = PBXBuildFile; fileRef = 27060B4C1DE4A01700DE676B /* main.m */; };
		27060B501DE4A01700DE676B /* AppDelegate.m in Sources */ = {isa = PBXBuildFile; fileRef = 27060B4F1DE4A01700DE676B /* AppDelegate.m */; };
		27060B531DE4A01700DE676B /* ViewController.m in Sources */ = {isa = PBXBuildFile; fileRef = 27060B521DE4A01700DE676B /* ViewController.m */; };
		27060B561DE4A01700DE676B /* Main.storyboard in Resources */ = {isa = PBXBuildFile; fileRef = 27060B541DE4A01700DE676B /* Main.storyboard */; };
		27060B581DE4A01700DE676B /* Assets.xcassets in Resources */ = {isa = PBXBuildFile; fileRef = 27060B571DE4A01700DE676B /* Assets.xcassets */; };
		27060B5B1DE4A01700DE676B /* LaunchScreen.storyboard in Resources */ = {isa = PBXBuildFile; fileRef = 27060B591DE4A01700DE676B /* LaunchScreen.storyboard */; };
		27060B641DE4A03D00DE676B /* NSObject+RYLazyProperty.m in Sources */ = {isa = PBXBuildFile; fileRef = 27060B631DE4A03D00DE676B /* NSObject+RYLazyProperty.m */; };
/* End PBXBuildFile section */

/* Begin PBXFileReference section */
		27060B481DE4A01600DE676B /* LazyProperty.app */ = {isa = PBXFileReference; explicitFileType = wrapper.application; includeInIndex = 0; path = LazyProperty.app; sourceTree = BUILT_PRODUCTS_DIR; };
		27060B4C1DE4A01700DE676B /* main.m */ = {isa = PBXFileReference; lastKnownFileType = sourcecode.c.objc; path = main.m; sourceTree = "<group>"; };
		27060B4E1DE4A01700DE676B /* AppDelegate.h */ = {isa = PBXFileReference; lastKnownFileType = sourcecode.c.h; path = AppDelegate.h; sourceTree = "<group>"; };
		27060B4F1DE4A01700DE676B /* AppDelegate.m */ = {isa = PBXFileReference; lastKnownFileType = sourcecode.c.objc; path = AppDelegate.m; sourceTree = "<group>"; };
		27060B511DE4A01700DE676B /* ViewController.h */ = {isa = PBXFileReference; lastKnownFileType = sourcecode.c.h; path = ViewController.h; sourceTree = "<group>"; };
		27060B521DE4A01700DE676B /* ViewController.m */ = {isa = PBXFileReference; lastKnownFileType = sourcecode.c.objc; path = ViewController.m; sourceTree = "<group>"; };
		27060B551DE4A01700DE676B /* Base */ = {isa = PBXFileReference; lastKnownFileType = file.storyboard; name = Base; path = Base.lproj/Main.storyboard; sourceTree = "<group>"; };
		27060B571DE4A01700DE676B /* Assets.xcassets */ = {isa = PBXFileReference; lastKnownFileType = folder.assetcatalog; path = Assets.xcassets; sourceTree = "<group>"; };
		27060B5A1DE4A01700DE676B /* Base */ = {isa = PBXFileReference; lastKnownFileType = file.storyboard; name = Base; path = Base.lproj/LaunchScreen.storyboard; sourceTree = "<group>"; };
		27060B5C1DE4A01700DE676B /* Info.plist */ = {isa = PBXFileReference; lastKnownFileType = text.plist.xml; path = Info.plist; sourceTree = "<group>"; };
		27060B621DE4A03D00DE676B /* NSObject+RYLazyProperty.h */ = {isa = PBXFileReference; fileEncoding = 4; lastKnownFileType = sourcecode.c.h; path = "NSObject+RYLazyProperty.h"; sourceTree = "<group>"; };
		27060B631DE4A03D00DE676B /* NSObject+RYLazyProperty.m */ = {isa = PBXFileReference; fileEncoding = 4; lastKnownFileType = sourcecode.c.objc; path = "NSObject+RYLazyProperty.m"; sourceTree = "<group>"; };
/* End PBXFileReference section */

/* Begin PBXFrameworksBuildPhase section */
		27060B451DE4A01600DE676B /* Frameworks */ = {
			isa = PBXFrameworksBuildPhase;
			buildActionMask = 2147483647;
			files = (
			);
			runOnlyForDeploymentPostprocessing = 0;
		};
/* End PBXFrameworksBuildPhase section */

/* Begin PBXGroup section */
		27060B3F1DE4A01600DE676B = {
			isa = PBXGroup;
			children = (
				27060B4A1DE4A01700DE676B /* LazyProperty */,
				27060B491DE4A01600DE676B /* Products */,
			);
			sourceTree = "<group>";
		};
		27060B491DE4A01600DE676B /* Products */ = {
			isa = PBXGroup;
			children = (
				27060B481DE4A01600DE676B /* LazyProperty.app */,
			);
			name = Products;
			sourceTree = "<group>";
		};
		27060B4A1DE4A01700DE676B /* LazyProperty */ = {
			isa = PBXGroup;
			children = (
				27060B4E1DE4A01700DE676B /* AppDelegate.h */,
				27060B4F1DE4A01700DE676B /* AppDelegate.m */,
				27060B511DE4A01700DE676B /* ViewController.h */,
				27060B521DE4A01700DE676B /* ViewController.m */,
				27060B621DE4A03D00DE676B /* NSObject+RYLazyProperty.h */,
				27060B631DE4A03D00DE676B /* NSObject+RYLazyProperty.m */,
				27060B541DE4A01700DE676B /* Main.storyboard */,
				27060B571DE4A01700DE676B /* Assets.xcassets */,
				27060B591DE4A01700DE676B /* LaunchScreen.storyboard */,
				27060B5C1DE4A01700DE676B /* Info.plist */,
				27060B4B1DE4A01700DE676B /* Supporting Files */,
			);
			path = LazyProperty;
			sourceTree = "<group>";
		};
		27060B4B1DE4A01700DE676B /* Supporting Files */ = {
			isa = PBXGroup;
			children = (
				27060B4C1DE4A01700DE676B /* main.m */,
			);
			name = "Supporting Files";
			sourceTree = "<group>";
		};
/* End PBXGroup section */

/* Begin PBXNativeTarget section */
		27060B471DE4A01600DE676B /* LazyProperty */ = {
			isa = PBXNativeTarget;
			buildConfigurationList = 27060B5F1DE4A01700DE676B /* Build configuration list for PBXNativeTarget "LazyProperty" */;
			buildPhases = (
				27060B441DE4A01600DE676B /* Sources */,
				27060B451DE4A01600DE676B /* Frameworks */,
				27060B461DE4A01600DE676B /* Resources */,
			);
			buildRules = (
			);
			dependencies = (
			);
			name = LazyProperty;
			productName = LazyProperty;
			productReference = 27060B481DE4A01600DE676B /* LazyProperty.app */;
			productType = "com.apple.product-type.application";
		};
/* End PBXNativeTarget section */

/* Begin PBXProject section */
		27060B401DE4A01600DE676B /* Project object */ = {
			isa = PBXProject;
			attributes = {
				LastUpgradeCheck = 0810;
				ORGANIZATIONNAME = "若懿";
				TargetAttributes = {
					27060B471DE4A01600DE676B = {
						CreatedOnToolsVersion = 8.1;
						ProvisioningStyle = Automatic;
					};
				};
			};
			buildConfigurationList = 27060B431DE4A01600DE676B /* Build configuration list for PBXProject "LazyProperty" */;
			compatibilityVersion = "Xcode 3.2";
			developmentRegion = English;
			hasScannedForEncodings = 0;
			knownRegions = (
				en,
				Base,
			);
			mainGroup = 27060B3F1DE4A01600DE676B;
			productRefGroup = 27060B491DE4A01600DE676B /* Products */;
			projectDirPath = "";
			projectRoot = "";
			targets = (
				27060B471DE4A01600DE676B /* LazyProperty */,
			);
		};
/* End PBXProject section */

/* Begin PBXResourcesBuildPhase section */
		27060B461DE4A01600DE676B /* Resources */ = {
			isa = PBXResourcesBuildPhase;
			buildActionMask = 2147483647;
			files = (
				27060B5B1DE4A01700DE676B /* LaunchScreen.storyboard in Resources */,
				27060B581DE4A01700DE676B /* Assets.xcassets in Resources */,
				27060B561DE4A01700DE676B /* Main.storyboard in Resources */,
			);
			runOnlyForDeploymentPostprocessing = 0;
		};
/* End PBXResourcesBuildPhase section */

/* Begin PBXSourcesBuildPhase section */
		27060B441DE4A01600DE676B /* Sources */ = {
			isa = PBXSourcesBuildPhase;
			buildActionMask = 2147483647;
			files = (
				27060B531DE4A01700DE676B /* ViewController.m in Sources */,
				27060B501DE4A01700DE676B /* AppDelegate.m in Sources */,
				27060B4D1DE4A01700DE676B /* main.m in Sources */,
				27060B641DE4A03D00DE676B /* NSObject+RYLazyProperty.m in Sources */,
			);
			runOnlyForDeploymentPostprocessing = 0;
		};
/* End PBXSourcesBuildPhase section */

/* Begin PBXVariantGroup section */
		27060B541DE4A01700DE676B /* Main.storyboard */ = {
			isa = PBXVariantGroup;
			children = (
				27060B551DE4A01700DE676B /* Base */,
			);
			name = Main.storyboard;
			sourceTree = "<group>";
		};
		27060B591DE4A01700DE676B /* LaunchScreen.storyboard */ = {
			isa = PBXVariantGroup;
			children = (
				27060B5A1DE4A01700DE676B /* Base */,
			);
			name = LaunchScreen.storyboard;
			sourceTree = "<group>";
		};
/* End PBXVariantGroup section */

/* Begin XCBuildConfiguration section */
		27060B5D1DE4A01700DE676B /* Debug */ = {
			isa = XCBuildConfiguration;
			buildSettings = {
				ALWAYS_SEARCH_USER_PATHS = NO;
				CLANG_ANALYZER_NONNULL = YES;
				CLANG_CXX_LANGUAGE_STANDARD = "gnu++0x";
				CLANG_CXX_LIBRARY = "libc++";
				CLANG_ENABLE_MODULES = YES;
				CLANG_ENABLE_OBJC_ARC = YES;
				CLANG_WARN_BOOL_CONVERSION = YES;
				CLANG_WARN_CONSTANT_CONVERSION = YES;
				CLANG_WARN_DIRECT_OBJC_ISA_USAGE = YES_ERROR;
				CLANG_WARN_DOCUMENTATION_COMMENTS = YES;
				CLANG_WARN_EMPTY_BODY = YES;
				CLANG_WARN_ENUM_CONVERSION = YES;
				CLANG_WARN_INFINITE_RECURSION = YES;
				CLANG_WARN_INT_CONVERSION = YES;
				CLANG_WARN_OBJC_ROOT_CLASS = YES_ERROR;
				CLANG_WARN_SUSPICIOUS_MOVES = YES;
				CLANG_WARN_UNREACHABLE_CODE = YES;
				CLANG_WARN__DUPLICATE_METHOD_MATCH = YES;
				"CODE_SIGN_IDENTITY[sdk=iphoneos*]" = "iPhone Developer";
				COPY_PHASE_STRIP = NO;
				DEBUG_INFORMATION_FORMAT = dwarf;
				ENABLE_STRICT_OBJC_MSGSEND = YES;
				ENABLE_TESTABILITY = YES;
				GCC_C_LANGUAGE_STANDARD = gnu99;
				GCC_DYNAMIC_NO_PIC = NO;
				GCC_NO_COMMON_BLOCKS = YES;
				GCC_OPTIMIZATION_LEVEL = 0;
				GCC_PREPROCESSOR_DEFINITIONS = (
					"DEBUG=1",
					"$(inherited)",
				);
				GCC_WARN_64_TO_32_BIT_CONVERSION = YES;
				GCC_WARN_ABOUT_RETURN_TYPE = YES_ERROR;
				GCC_WARN_UNDECLARED_SELECTOR = YES;
				GCC_WARN_UNINITIALIZED_AUTOS = YES_AGGRESSIVE;
				GCC_WARN_UNUSED_FUNCTION = YES;
				GCC_WARN_UNUSED_VARIABLE = YES;
				IPHONEOS_DEPLOYMENT_TARGET = 10.1;
				MTL_ENABLE_DEBUG_INFO = YES;
				ONLY_ACTIVE_ARCH = YES;
				SDKROOT = iphoneos;
			};
			name = Debug;
		};
		27060B5E1DE4A01700DE676B /* Release */ = {
			isa = XCBuildConfiguration;
			buildSettings = {
				ALWAYS_SEARCH_USER_PATHS = NO;
				CLANG_ANALYZER_NONNULL = YES;
				CLANG_CXX_LANGUAGE_STANDARD = "gnu++0x";
				CLANG_CXX_LIBRARY = "libc++";
				CLANG_ENABLE_MODULES = YES;
				CLANG_ENABLE_OBJC_ARC = YES;
				CLANG_WARN_BOOL_CONVERSION = YES;
				CLANG_WARN_CONSTANT_CONVERSION = YES;
				CLANG_WARN_DIRECT_OBJC_ISA_USAGE = YES_ERROR;
				CLANG_WARN_DOCUMENTATION_COMMENTS = YES;
				CLANG_WARN_EMPTY_BODY = YES;
				CLANG_WARN_ENUM_CONVERSION = YES;
				CLANG_WARN_INFINITE_RECURSION = YES;
				CLANG_WARN_INT_CONVERSION = YES;
				CLANG_WARN_OBJC_ROOT_CLASS = YES_ERROR;
				CLANG_WARN_SUSPICIOUS_MOVES = YES;
				CLANG_WARN_UNREACHABLE_CODE = YES;
				CLANG_WARN__DUPLICATE_METHOD_MATCH = YES;
				"CODE_SIGN_IDENTITY[sdk=iphoneos*]" = "iPhone Developer";
				COPY_PHASE_STRIP = NO;
				DEBUG_INFORMATION_FORMAT = "dwarf-with-dsym";
				ENABLE_NS_ASSERTIONS = NO;
				ENABLE_STRICT_OBJC_MSGSEND = YES;
				GCC_C_LANGUAGE_STANDARD = gnu99;
				GCC_NO_COMMON_BLOCKS = YES;
				GCC_WARN_64_TO_32_BIT_CONVERSION = YES;
				GCC_WARN_ABOUT_RETURN_TYPE = YES_ERROR;
				GCC_WARN_UNDECLARED_SELECTOR = YES;
				GCC_WARN_UNINITIALIZED_AUTOS = YES_AGGRESSIVE;
				GCC_WARN_UNUSED_FUNCTION = YES;
				GCC_WARN_UNUSED_VARIABLE = YES;
				IPHONEOS_DEPLOYMENT_TARGET = 10.1;
				MTL_ENABLE_DEBUG_INFO = NO;
				SDKROOT = iphoneos;
				VALIDATE_PRODUCT = YES;
			};
			name = Release;
		};
		27060B601DE4A01700DE676B /* Debug */ = {
			isa = XCBuildConfiguration;
			buildSettings = {
				ASSETCATALOG_COMPILER_APPICON_NAME = AppIcon;
				INFOPLIST_FILE = LazyProperty/Info.plist;
				LD_RUNPATH_SEARCH_PATHS = "$(inherited) @executable_path/Frameworks";
				PRODUCT_BUNDLE_IDENTIFIER = com.ruoyi.LazyProperty;
				PRODUCT_NAME = "$(TARGET_NAME)";
			};
			name = Debug;
		};
		27060B611DE4A01700DE676B /* Release */ = {
			isa = XCBuildConfiguration;
			buildSettings = {
				ASSETCATALOG_COMPILER_APPICON_NAME = AppIcon;
				INFOPLIST_FILE = LazyProperty/Info.plist;
				LD_RUNPATH_SEARCH_PATHS = "$(inherited) @executable_path/Frameworks";
				PRODUCT_BUNDLE_IDENTIFIER = com.ruoyi.LazyProperty;
				PRODUCT_NAME = "$(TARGET_NAME)";
			};
			name = Release;
		};
/* End XCBuildConfiguration section */

/* Begin XCConfigurationList section */
		27060B431DE4A01600DE676B /* Build configuration list for PBXProject "LazyProperty" */ = {
			isa = XCConfigurationList;
			buildConfigurations = (
				27060B5D1DE4A01700DE676B /* Debug */,
				27060B5E1DE4A01700DE676B /* Release */,
			);
			defaultConfigurationIsVisible = 0;
			defaultConfigurationName = Release;
		};
		27060B5F1DE4A01700DE676B /* Build configuration list for PBXNativeTarget "LazyProperty" */ = {
			isa = XCConfigurationList;
			buildConfigurations = (
				27060B601DE4A01700DE676B /* Debug */,
				27060B611DE4A01700DE676B /* Release */,
			);
			defaultConfigurationIsVisible = 0;
		};
/* End XCConfigurationList section */
	};
	rootObject = 27060B401DE4A01600DE676B /* Project object */;
}
